{
  "lockfileVersion": 1,
  "configVersion": 1,
  "workspaces": {
    "": {
      "name": "engine",
      "dependencies": {
        "redis": "^6.3.0",
      },
      "devDependencies": {
        "@types/bun": "latest",
      },
      "peerDependencies": {
        "typescript": "^5",
      },
    },
  },
  "packages": {
    "@redis/bloom": ["@redis/bloom@6.3.0", "", { "peerDependencies": { "@redis/client": "^6.3.0" } }, "sha512-NQ5poYpZr0jv6zazN1cy6JY5kIipKFZ3R9GTL4kOUTX3a9YAfY29U8bsE4lWhVQEM+G4V0BXVC57mubIdDijeA=="],

    "@redis/client": ["@redis/client@6.3.0", "", { "peerDependencies": { "@node-rs/xxhash": "^1.1.0", "@opentelemetry/api": ">=1 <2" }, "optionalPeers": ["@node-rs/xxhash", "@opentelemetry/api"] }, "sha512-fHrjwGCBvAANGi+TuRuwKi83sIOzgHr8eh+Uf48w3fSX7Hhrz174NrWqfJhAC2vnN0d/tfaZpdr6+o6JC3QHwg=="],

    "@redis/json": ["@redis/json@6.3.0", "", { "peerDependencies": { "@redis/client": "^6.3.0" } }, "sha512-yt6vRfPBXtW/3qm53cF81TSQpLMjWdW4/2E9WQ2GgbvsKkuCKCFQIcMiKlil1ZMnezK+IQuS795xKU5psbaegw=="],

    "@redis/search": ["@redis/search@6.3.0", "", { "peerDependencies": { "@redis/client": "^6.3.0" } }, "sha512-RPXAZmKjZZG7Tm7m1w9keFdXzbL91PiSHQBfQRe9xwW40jNsTRbG0FwhIz4QlHPU4gKDAsCy8IQHj4yZl4H9rw=="],

    "@redis/time-series": ["@redis/time-series@6.3.0", "", { "peerDependencies": { "@redis/client": "^6.3.0" } }, "sha512-+fJOB8mN1z5WRakCJNh5lVdz1KqvHGSOistsKeitD24QsCtPwyRQXWC0iq6T/i/ubLE/YcguZqPm8F598MKk4A=="],

    "@types/bun": ["@types/bun@1.4.2", "", { "dependencies": { "bun-types": "1.4.2" } }, "sha512-GimotNn7+ZV0uVArItBbriZsR1oNf0+WTzPkdcFrzShI7k2norL0uzEaJT8T33dWr7O/c9ZDuAFQrctKCi72oQ=="],

    "@types/node": ["@types/node@26.6.3", "", { "dependencies": { "undici-types": "~8.9.0" } }, "sha512-dsqMQQoeTLqu9wynDD00q573mNzso3IdQOAfHRJqLCcmCFPoGo9A1bDpUcv/9tnKpErQWv9uKeGfl37EIS02Yg=="],

    "bun-types": ["bun-types@1.4.2", "", { "dependencies": { "@types/node": "*" } }, "sha512-bxV1FgK7yBIzjRe5zBozIM4Bem11ZJcCXSrjWRG3YWLt8yFDePu4cLjpebO8OvPeIE9trbyPF4fuj3Cia4Fj3w=="],

    "redis": ["redis@6.3.0", "", { "dependencies": { "@redis/bloom": "6.3.0", "@redis/client": "6.3.0", "@redis/json": "6.3.0", "@redis/search": "6.3.0", "@redis/time-series": "6.3.0" } }, "sha512-XFQbPie1lGpKeUZ8ySYY43yLnQy/iIQtHNvIr/1XdaABpb96rUSdm3Mfl+98FEVbv9ZJIzINMno5s0Nh8E5LEw=="],

    "typescript": ["typescript@5.9.3", "", { "bin": { "tsc": "bin/tsc", "tsserver": "bin/tsserver" } }, "sha512-jl1vZzPDinLr9eUt3J/t7V6FgNEw9QjvBPdysz9KfQDD41fQrC2Y4vKQdiaUpFT4bXlb1RHhLpp8wtm6M5TgSw=="],

    "undici-types": ["undici-types@8.9.0", "", {}, "sha512-KTDyRTYX8sWmKXAikPHHSyc63CRPETMctyjKFupcC6OBLXT3xsN0e9aF7m+mIXutFWpUXuedtowG7iLOzp0kQg=="],
  }
}
